// !$*UTF8*$!
{
	archiveVersion = 1;
	classes = {
	};
	objectVersion = 56;
	objects = {

/* Begin PBXBuildFile section */
		2A379E5D29E1A3A300101623 /* main.cpp in Sources */ = {isa = PBXBuildFile; fileRef = 2A379E5C29E1A3A300101623 /* main.cpp */; };
/* End PBXBuildFile section */

/* Begin PBXCopyFilesBuildPhase section */
		2A379E5729E1A3A300101623 /* CopyFiles */ = {
			isa = PBXCopyFilesBuildPhase;
			buildActionMask = 2147483647;
			dstPath = /usr/share/man/man1/;
			dstSubfolderSpec = 0;
			files = (
			);
			runOnlyForDeploymentPostprocessing = 1;
		};
/* End PBXCopyFilesBuildPhase section */

/* Begin PBXFileReference section */
		2A0602E729E1A9FB0062FE11 /* valid-parentheses.h */ = {isa = PBXFileReference; fileEncoding = 4; lastKnownFileType = sourcecode.c.h; path = "valid-parentheses.h"; sourceTree = "<group>"; };
		2A0602E829E1A9FB0062FE11 /* find-peak-element.h */ = {isa = PBXFileReference; fileEncoding = 4; lastKnownFileType = sourcecode.c.h; path = "find-peak-element.h"; sourceTree = "<group>"; };
		2A0602E929E1A9FB0062FE11 /* remove-duplicates-from-sorted-array.h */ = {isa = PBXFileReference; fileEncoding = 4; lastKnownFileType = sourcecode.c.h; path = "remove-duplicates-from-sorted-array.h"; sourceTree = "<group>"; };
		2A0602EA29E1A9FB0062FE11 /* three-sum.h */ = {isa = PBXFileReference; fileEncoding = 4; lastKnownFileType = sourcecode.c.h; path = "three-sum.h"; sourceTree = "<group>"; };
		2A0602EB29E1A9FB0062FE11 /* find-peak-element-2D.h */ = {isa = PBXFileReference; fileEncoding = 4; lastKnownFileType = sourcecode.c.h; path = "find-peak-element-2D.h"; sourceTree = "<group>"; };
		2A0602EC29E1A9FB0062FE11 /* palindrome.h */ = {isa = PBXFileReference; fileEncoding = 4; lastKnownFileType = sourcecode.c.h; path = palindrome.h; sourceTree = "<group>"; };
		2A0602ED29E1A9FB0062FE11 /* longest-common-prefix.h */ = {isa = PBXFileReference; fileEncoding = 4; lastKnownFileType = sourcecode.c.h; path = "longest-common-prefix.h"; sourceTree = "<group>"; };
		2A0602EE29E1A9FB0062FE11 /* two-sum.h */ = {isa = PBXFileReference; fileEncoding = 4; lastKnownFileType = sourcecode.c.h; path = "two-sum.h"; sourceTree = "<group>"; };
		2A0602EF29E1A9FB0062FE11 /* roman-to-int.h */ = {isa = PBXFileReference; fileEncoding = 4; lastKnownFileType = sourcecode.c.h; path = "roman-to-int.h"; sourceTree = "<group>"; };
		2A084E5329E9716700C22251 /* insertion-sort-vector.h */ = {isa = PBXFileReference; lastKnownFileType = sourcecode.c.h; path = "insertion-sort-vector.h"; sourceTree = "<group>"; };
		2A084E5429E9717500C22251 /* insertion-sort-list.h */ = {isa = PBXFileReference; lastKnownFileType = sourcecode.c.h; path = "insertion-sort-list.h"; sourceTree = "<group>"; };
		2A084E5529EADE0500C22251 /* relative-sort-array.h */ = {isa = PBXFileReference; lastKnownFileType = sourcecode.c.h; path = "relative-sort-array.h"; sourceTree = "<group>"; };
		2A084E5629EAFD6F00C22251 /* merge-sort-vector.h */ = {isa = PBXFileReference; lastKnownFileType = sourcecode.c.h; path = "merge-sort-vector.h"; sourceTree = "<group>"; };
		2A084E5829EC3A9800C22251 /* heap-sort-array.h */ = {isa = PBXFileReference; lastKnownFileType = sourcecode.c.h; path = "heap-sort-array.h"; sourceTree = "<group>"; };
		2A084E5929EC774C00C22251 /* binary-search-tree.h */ = {isa = PBXFileReference; lastKnownFileType = sourcecode.c.h; path = "binary-search-tree.h"; sourceTree = "<group>"; };
		2A084E5A29EC81A800C22251 /* heap-sort-vector.h */ = {isa = PBXFileReference; lastKnownFileType = sourcecode.c.h; path = "heap-sort-vector.h"; sourceTree = "<group>"; };
		2A084E5B29ECA2C100C22251 /* merge-two-sorted-lists.h */ = {isa = PBXFileReference; lastKnownFileType = sourcecode.c.h; path = "merge-two-sorted-lists.h"; sourceTree = "<group>"; };
		2A084E5C29ECA68C00C22251 /* palindrome-number.h */ = {isa = PBXFileReference; lastKnownFileType = sourcecode.c.h; path = "palindrome-number.h"; sourceTree = "<group>"; };
		2A084E5D29F3FEBB00C22251 /* fibonacci-with-memoization.h */ = {isa = PBXFileReference; lastKnownFileType = sourcecode.c.h; path = "fibonacci-with-memoization.h"; sourceTree = "<group>"; };
		2A084E5E29F401D900C22251 /* single-number.h */ = {isa = PBXFileReference; lastKnownFileType = sourcecode.c.h; path = "single-number.h"; sourceTree = "<group>"; };
		2A084E5F29F4503300C22251 /* maximum-product-of-three-numbers.h */ = {isa = PBXFileReference; lastKnownFileType = sourcecode.c.h; path = "maximum-product-of-three-numbers.h"; sourceTree = "<group>"; };
		2A084E6129F4564300C22251 /* maximum-product-of-two-numbers.h */ = {isa = PBXFileReference; lastKnownFileType = sourcecode.c.h; path = "maximum-product-of-two-numbers.h"; sourceTree = "<group>"; };
		2A084E6229F462D300C22251 /* maximum-product-difference-between-two-pairs.h */ = {isa = PBXFileReference; lastKnownFileType = sourcecode.c.h; path = "maximum-product-difference-between-two-pairs.h"; sourceTree = "<group>"; };
		2A379E5929E1A3A300101623 /* algorithms */ = {isa = PBXFileReference; explicitFileType = "compiled.mach-o.executable"; includeInIndex = 0; path = algorithms; sourceTree = BUILT_PRODUCTS_DIR; };
		2A379E5C29E1A3A300101623 /* main.cpp */ = {isa = PBXFileReference; lastKnownFileType = sourcecode.cpp.cpp; path = main.cpp; sourceTree = "<group>"; };
		2AB7F93E29E1D19D00D0C9B9 /* mountain-array.h */ = {isa = PBXFileReference; lastKnownFileType = sourcecode.c.h; path = "mountain-array.h"; sourceTree = "<group>"; };
		2AB7F93F29E1DF9800D0C9B9 /* binary-search.h */ = {isa = PBXFileReference; lastKnownFileType = sourcecode.c.h; path = "binary-search.h"; sourceTree = "<group>"; };
		2ACC8FF029FED96300D82513 /* length-of-last-word.h */ = {isa = PBXFileReference; lastKnownFileType = sourcecode.c.h; path = "length-of-last-word.h"; sourceTree = "<group>"; };
		2ACC8FF129FEED3400D82513 /* plus-one.h */ = {isa = PBXFileReference; lastKnownFileType = sourcecode.c.h; path = "plus-one.h"; sourceTree = "<group>"; };
		2ACC8FF229FFF53600D82513 /* remove-element.h */ = {isa = PBXFileReference; lastKnownFileType = sourcecode.c.h; path = "remove-element.h"; sourceTree = "<group>"; };
		2ACC8FF329FFFD6D00D82513 /* first-occurrence-in-a-string.h */ = {isa = PBXFileReference; lastKnownFileType = sourcecode.c.h; path = "first-occurrence-in-a-string.h"; sourceTree = "<group>"; };
/* End PBXFileReference section */

/* Begin PBXFrameworksBuildPhase section */
		2A379E5629E1A3A300101623 /* Frameworks */ = {
			isa = PBXFrameworksBuildPhase;
			buildActionMask = 2147483647;
			files = (
			);
			runOnlyForDeploymentPostprocessing = 0;
		};
/* End PBXFrameworksBuildPhase section */

/* Begin PBXGroup section */
		2A379E5029E1A3A300101623 = {
			isa = PBXGroup;
			children = (
				2A379E5B29E1A3A300101623 /* algorithms */,
				2A379E5A29E1A3A300101623 /* Products */,
			);
			sourceTree = "<group>";
		};
		2A379E5A29E1A3A300101623 /* Products */ = {
			isa = PBXGroup;
			children = (
				2A379E5929E1A3A300101623 /* algorithms */,
			);
			name = Products;
			sourceTree = "<group>";
		};
		2A379E5B29E1A3A300101623 /* algorithms */ = {
			isa = PBXGroup;
			children = (
				2A379E5C29E1A3A300101623 /* main.cpp */,
				2A0602EB29E1A9FB0062FE11 /* find-peak-element-2D.h */,
				2A0602E829E1A9FB0062FE11 /* find-peak-element.h */,
				2ACC8FF029FED96300D82513 /* length-of-last-word.h */,
				2A0602ED29E1A9FB0062FE11 /* longest-common-prefix.h */,
				2A0602EC29E1A9FB0062FE11 /* palindrome.h */,
				2A0602E929E1A9FB0062FE11 /* remove-duplicates-from-sorted-array.h */,
				2A0602EF29E1A9FB0062FE11 /* roman-to-int.h */,
				2A0602EA29E1A9FB0062FE11 /* three-sum.h */,
				2A0602EE29E1A9FB0062FE11 /* two-sum.h */,
				2A0602E729E1A9FB0062FE11 /* valid-parentheses.h */,
				2AB7F93E29E1D19D00D0C9B9 /* mountain-array.h */,
				2AB7F93F29E1DF9800D0C9B9 /* binary-search.h */,
				2A084E5329E9716700C22251 /* insertion-sort-vector.h */,
				2A084E5429E9717500C22251 /* insertion-sort-list.h */,
				2A084E5529EADE0500C22251 /* relative-sort-array.h */,
				2A084E5629EAFD6F00C22251 /* merge-sort-vector.h */,
				2A084E5829EC3A9800C22251 /* heap-sort-array.h */,
				2A084E5929EC774C00C22251 /* binary-search-tree.h */,
				2A084E5A29EC81A800C22251 /* heap-sort-vector.h */,
				2A084E5B29ECA2C100C22251 /* merge-two-sorted-lists.h */,
				2A084E5C29ECA68C00C22251 /* palindrome-number.h */,
				2A084E5D29F3FEBB00C22251 /* fibonacci-with-memoization.h */,
				2A084E5E29F401D900C22251 /* single-number.h */,
				2A084E5F29F4503300C22251 /* maximum-product-of-three-numbers.h */,
				2A084E6129F4564300C22251 /* maximum-product-of-two-numbers.h */,
				2A084E6229F462D300C22251 /* maximum-product-difference-between-two-pairs.h */,
				2ACC8FF129FEED3400D82513 /* plus-one.h */,
				2ACC8FF229FFF53600D82513 /* remove-element.h */,
				2ACC8FF329FFFD6D00D82513 /* first-occurrence-in-a-string.h */,
			);
			path = algorithms;
			sourceTree = "<group>";
		};
/* End PBXGroup section */

/* Begin PBXNativeTarget section */
		2A379E5829E1A3A300101623 /* algorithms */ = {
			isa = PBXNativeTarget;
			buildConfigurationList = 2A379E6029E1A3A300101623 /* Build configuration list for PBXNativeTarget "algorithms" */;
			buildPhases = (
				2A379E5529E1A3A300101623 /* Sources */,
				2A379E5629E1A3A300101623 /* Frameworks */,
				2A379E5729E1A3A300101623 /* CopyFiles */,
			);
			buildRules = (
			);
			dependencies = (
			);
			name = algorithms;
			productName = algorithms;
			productReference = 2A379E5929E1A3A300101623 /* algorithms */;
			productType = "com.apple.product-type.tool";
		};
/* End PBXNativeTarget section */

/* Begin PBXProject section */
		2A379E5129E1A3A300101623 /* Project object */ = {
			isa = PBXProject;
			attributes = {
				BuildIndependentTargetsInParallel = 1;
				LastUpgradeCheck = 1430;
				TargetAttributes = {
					2A379E5829E1A3A300101623 = {
						CreatedOnToolsVersion = 14.3;
					};
				};
			};
			buildConfigurationList = 2A379E5429E1A3A300101623 /* Build configuration list for PBXProject "algorithms" */;
			compatibilityVersion = "Xcode 14.0";
			developmentRegion = en;
			hasScannedForEncodings = 0;
			knownRegions = (
				en,
				Base,
			);
			mainGroup = 2A379E5029E1A3A300101623;
			productRefGroup = 2A379E5A29E1A3A300101623 /* Products */;
			projectDirPath = "";
			projectRoot = "";
			targets = (
				2A379E5829E1A3A300101623 /* algorithms */,
			);
		};
/* End PBXProject section */

/* Begin PBXSourcesBuildPhase section */
		2A379E5529E1A3A300101623 /* Sources */ = {
			isa = PBXSourcesBuildPhase;
			buildActionMask = 2147483647;
			files = (
				2A379E5D29E1A3A300101623 /* main.cpp in Sources */,
			);
			runOnlyForDeploymentPostprocessing = 0;
		};
/* End PBXSourcesBuildPhase section */

/* Begin XCBuildConfiguration section */
		2A379E5E29E1A3A300101623 /* Debug */ = {
			isa = XCBuildConfiguration;
			buildSettings = {
				ALWAYS_SEARCH_USER_PATHS = NO;
				CLANG_ANALYZER_NONNULL = YES;
				CLANG_ANALYZER_NUMBER_OBJECT_CONVERSION = YES_AGGRESSIVE;
				CLANG_CXX_LANGUAGE_STANDARD = "gnu++20";
				CLANG_ENABLE_MODULES = YES;
				CLANG_ENABLE_OBJC_ARC = YES;
				CLANG_ENABLE_OBJC_WEAK = YES;
				CLANG_WARN_BLOCK_CAPTURE_AUTORELEASING = YES;
				CLANG_WARN_BOOL_CONVERSION = YES;
				CLANG_WARN_COMMA = YES;
				CLANG_WARN_CONSTANT_CONVERSION = YES;
				CLANG_WARN_DEPRECATED_OBJC_IMPLEMENTATIONS = YES;
				CLANG_WARN_DIRECT_OBJC_ISA_USAGE = YES_ERROR;
				CLANG_WARN_DOCUMENTATION_COMMENTS = YES;
				CLANG_WARN_EMPTY_BODY = YES;
				CLANG_WARN_ENUM_CONVERSION = YES;
				CLANG_WARN_INFINITE_RECURSION = YES;
				CLANG_WARN_INT_CONVERSION = YES;
				CLANG_WARN_NON_LITERAL_NULL_CONVERSION = YES;
				CLANG_WARN_OBJC_IMPLICIT_RETAIN_SELF = YES;
				CLANG_WARN_OBJC_LITERAL_CONVERSION = YES;
				CLANG_WARN_OBJC_ROOT_CLASS = YES_ERROR;
				CLANG_WARN_QUOTED_INCLUDE_IN_FRAMEWORK_HEADER = YES;
				CLANG_WARN_RANGE_LOOP_ANALYSIS = YES;
				CLANG_WARN_STRICT_PROTOTYPES = YES;
				CLANG_WARN_SUSPICIOUS_MOVE = YES;
				CLANG_WARN_UNGUARDED_AVAILABILITY = YES_AGGRESSIVE;
				CLANG_WARN_UNREACHABLE_CODE = YES;
				CLANG_WARN__DUPLICATE_METHOD_MATCH = YES;
				COPY_PHASE_STRIP = NO;
				DEBUG_INFORMATION_FORMAT = dwarf;
				ENABLE_STRICT_OBJC_MSGSEND = YES;
				ENABLE_TESTABILITY = YES;
				GCC_C_LANGUAGE_STANDARD = gnu11;
				GCC_DYNAMIC_NO_PIC = NO;
				GCC_NO_COMMON_BLOCKS = YES;
				GCC_OPTIMIZATION_LEVEL = 0;
				GCC_PREPROCESSOR_DEFINITIONS = (
					"DEBUG=1",
					"$(inherited)",
				);
				GCC_WARN_64_TO_32_BIT_CONVERSION = YES;
				GCC_WARN_ABOUT_RETURN_TYPE = YES_ERROR;
				GCC_WARN_UNDECLARED_SELECTOR = YES;
				GCC_WARN_UNINITIALIZED_AUTOS = YES_AGGRESSIVE;
				GCC_WARN_UNUSED_FUNCTION = YES;
				GCC_WARN_UNUSED_VARIABLE = YES;
				MACOSX_DEPLOYMENT_TARGET = 13.3;
				MTL_ENABLE_DEBUG_INFO = INCLUDE_SOURCE;
				MTL_FAST_MATH = YES;
				ONLY_ACTIVE_ARCH = YES;
				SDKROOT = macosx;
			};
			name = Debug;
		};
		2A379E5F29E1A3A300101623 /* Release */ = {
			isa = XCBuildConfiguration;
			buildSettings = {
				ALWAYS_SEARCH_USER_PATHS = NO;
				CLANG_ANALYZER_NONNULL = YES;
				CLANG_ANALYZER_NUMBER_OBJECT_CONVERSION = YES_AGGRESSIVE;
				CLANG_CXX_LANGUAGE_STANDARD = "gnu++20";
				CLANG_ENABLE_MODULES = YES;
				CLANG_ENABLE_OBJC_ARC = YES;
				CLANG_ENABLE_OBJC_WEAK = YES;
				CLANG_WARN_BLOCK_CAPTURE_AUTORELEASING = YES;
				CLANG_WARN_BOOL_CONVERSION = YES;
				CLANG_WARN_COMMA = YES;
				CLANG_WARN_CONSTANT_CONVERSION = YES;
				CLANG_WARN_DEPRECATED_OBJC_IMPLEMENTATIONS = YES;
				CLANG_WARN_DIRECT_OBJC_ISA_USAGE = YES_ERROR;
				CLANG_WARN_DOCUMENTATION_COMMENTS = YES;
				CLANG_WARN_EMPTY_BODY = YES;
				CLANG_WARN_ENUM_CONVERSION = YES;
				CLANG_WARN_INFINITE_RECURSION = YES;
				CLANG_WARN_INT_CONVERSION = YES;
				CLANG_WARN_NON_LITERAL_NULL_CONVERSION = YES;
				CLANG_WARN_OBJC_IMPLICIT_RETAIN_SELF = YES;
				CLANG_WARN_OBJC_LITERAL_CONVERSION = YES;
				CLANG_WARN_OBJC_ROOT_CLASS = YES_ERROR;
				CLANG_WARN_QUOTED_INCLUDE_IN_FRAMEWORK_HEADER = YES;
				CLANG_WARN_RANGE_LOOP_ANALYSIS = YES;
				CLANG_WARN_STRICT_PROTOTYPES = YES;
				CLANG_WARN_SUSPICIOUS_MOVE = YES;
				CLANG_WARN_UNGUARDED_AVAILABILITY = YES_AGGRESSIVE;
				CLANG_WARN_UNREACHABLE_CODE = YES;
				CLANG_WARN__DUPLICATE_METHOD_MATCH = YES;
				COPY_PHASE_STRIP = NO;
				DEBUG_INFORMATION_FORMAT = "dwarf-with-dsym";
				ENABLE_NS_ASSERTIONS = NO;
				ENABLE_STRICT_OBJC_MSGSEND = YES;
				GCC_C_LANGUAGE_STANDARD = gnu11;
				GCC_NO_COMMON_BLOCKS = YES;
				GCC_WARN_64_TO_32_BIT_CONVERSION = YES;
				GCC_WARN_ABOUT_RETURN_TYPE = YES_ERROR;
				GCC_WARN_UNDECLARED_SELECTOR = YES;
				GCC_WARN_UNINITIALIZED_AUTOS = YES_AGGRESSIVE;
				GCC_WARN_UNUSED_FUNCTION = YES;
				GCC_WARN_UNUSED_VARIABLE = YES;
				MACOSX_DEPLOYMENT_TARGET = 13.3;
				MTL_ENABLE_DEBUG_INFO = NO;
				MTL_FAST_MATH = YES;
				SDKROOT = macosx;
			};
			name = Release;
		};
		2A379E6129E1A3A300101623 /* Debug */ = {
			isa = XCBuildConfiguration;
			buildSettings = {
				CODE_SIGN_STYLE = Automatic;
				PRODUCT_NAME = "$(TARGET_NAME)";
			};
			name = Debug;
		};
		2A379E6229E1A3A300101623 /* Release */ = {
			isa = XCBuildConfiguration;
			buildSettings = {
				CODE_SIGN_STYLE = Automatic;
				PRODUCT_NAME = "$(TARGET_NAME)";
			};
			name = Release;
		};
/* End XCBuildConfiguration section */

/* Begin XCConfigurationList section */
		2A379E5429E1A3A300101623 /* Build configuration list for PBXProject "algorithms" */ = {
			isa = XCConfigurationList;
			buildConfigurations = (
				2A379E5E29E1A3A300101623 /* Debug */,
				2A379E5F29E1A3A300101623 /* Release */,
			);
			defaultConfigurationIsVisible = 0;
			defaultConfigurationName = Release;
		};
		2A379E6029E1A3A300101623 /* Build configuration list for PBXNativeTarget "algorithms" */ = {
			isa = XCConfigurationList;
			buildConfigurations = (
				2A379E6129E1A3A300101623 /* Debug */,
				2A379E6229E1A3A300101623 /* Release */,
			);
			defaultConfigurationIsVisible = 0;
			defaultConfigurationName = Release;
		};
/* End XCConfigurationList section */
	};
	rootObject = 2A379E5129E1A3A300101623 /* Project object */;
}
